
Microsoft Visual Studio Solution File, Format Version 12.00
# Visual Studio Version 17
VisualStudioVersion = 17.7.34202.233
MinimumVisualStudioVersion = 10.0.40219.1
Project("{FAE04EC0-301F-11D3-BF4B-00C04F79EFBC}") = "api", "api\api.csproj", "{16A600A2-E0C5-4F36-9647-C2CA8659B0A1}"
EndProject
Global
	GlobalSection(SolutionConfigurationPlatforms) = preSolution
		Debug|Any CPU = Debug|Any CPU
		Release|Any CPU = Release|Any CPU
	EndGlobalSection
	GlobalSection(ProjectConfigurationPlatforms) = postSolution
		{16A600A2-E0C5-4F36-9647-C2CA8659B0A1}.Debug|Any CPU.ActiveCfg = Debug|Any CPU
		{16A600A2-E0C5-4F36-9647-C2CA8659B0A1}.Debug|Any CPU.Build.0 = Debug|Any CPU
		{16A600A2-E0C5-4F36-9647-C2CA8659B0A1}.Release|Any CPU.ActiveCfg = Release|Any CPU
		{16A600A2-E0C5-4F36-9647-C2CA8659B0A1}.Release|Any CPU.Build.0 = Release|Any CPU
	EndGlobalSection
	GlobalSection(SolutionProperties) = preSolution
		HideSolutionNode = FALSE
	EndGlobalSection
	GlobalSection(ExtensibilityGlobals) = postSolution
		SolutionGuid = {9632E826-E73A-44D4-92D7-176071CC0E26}
	EndGlobalSection
EndGlobal
